
Microsoft Visual Studio Solution File, Format Version 12.00
# Visual Studio Version 16
VisualStudioVersion = 16.0.32407.337
MinimumVisualStudioVersion = 10.0.40219.1
Project("{F2A71F9B-5D33-465A-A702-920D77279786}") = "RUAP_LV4_T_Madarevic", "RUAP_LV4_T_Madarevic\RUAP_LV4_T_Madarevic.fsproj", "{D2F242E0-0FCB-4E8F-9B18-15E79FBEA316}"
EndProject
Global
	GlobalSection(SolutionConfigurationPlatforms) = preSolution
		Debug|Any CPU = Debug|Any CPU
		Release|Any CPU = Release|Any CPU
	EndGlobalSection
	GlobalSection(ProjectConfigurationPlatforms) = postSolution
		{D2F242E0-0FCB-4E8F-9B18-15E79FBEA316}.Debug|Any CPU.ActiveCfg = Debug|Any CPU
		{D2F242E0-0FCB-4E8F-9B18-15E79FBEA316}.Debug|Any CPU.Build.0 = Debug|Any CPU
		{D2F242E0-0FCB-4E8F-9B18-15E79FBEA316}.Release|Any CPU.ActiveCfg = Release|Any CPU
		{D2F242E0-0FCB-4E8F-9B18-15E79FBEA316}.Release|Any CPU.Build.0 = Release|Any CPU
	EndGlobalSection
	GlobalSection(SolutionProperties) = preSolution
		HideSolutionNode = FALSE
	EndGlobalSection
	GlobalSection(ExtensibilityGlobals) = postSolution
		SolutionGuid = {9C5DFE52-7EA2-413B-9C71-5EC0EBAE834F}
	EndGlobalSection
EndGlobal
